
Microsoft Visual Studio Solution File, Format Version 12.00
# Visual Studio 15
VisualStudioVersion = 15.0.28307.572
MinimumVisualStudioVersion = 10.0.40219.1
Project("{FAE04EC0-301F-11D3-BF4B-00C04F79EFBC}") = "PRLauncher-plus", "PRLauncher-plus\PRLauncher-plus.csproj", "{FD800D10-AC4B-4918-85BC-C014E023F2EC}"
EndProject
Global
	GlobalSection(SolutionConfigurationPlatforms) = preSolution
		Debug|Any CPU = Debug|Any CPU
		Release|Any CPU = Release|Any CPU
	EndGlobalSection
	GlobalSection(ProjectConfigurationPlatforms) = postSolution
		{FD800D10-AC4B-4918-85BC-C014E023F2EC}.Debug|Any CPU.ActiveCfg = Debug|Any CPU
		{FD800D10-AC4B-4918-85BC-C014E023F2EC}.Debug|Any CPU.Build.0 = Debug|Any CPU
		{FD800D10-AC4B-4918-85BC-C014E023F2EC}.Release|Any CPU.ActiveCfg = Release|Any CPU
		{FD800D10-AC4B-4918-85BC-C014E023F2EC}.Release|Any CPU.Build.0 = Release|Any CPU
	EndGlobalSection
	GlobalSection(SolutionProperties) = preSolution
		HideSolutionNode = FALSE
	EndGlobalSection
	GlobalSection(ExtensibilityGlobals) = postSolution
		SolutionGuid = {26D5CA26-59E9-4815-B62A-46E756196E4D}
	EndGlobalSection
EndGlobal
